// !$*UTF8*$!
{
	archiveVersion = 1;
	classes = {
	};
	objectVersion = 46;
	objects = {

/* Begin PBXBuildFile section */
		A708F3731CCE8529008A48BD /* plot.cpp in Sources */ = {isa = PBXBuildFile; fileRef = A708F3711CCE8529008A48BD /* plot.cpp */; };
		A708F3781CCFAA0D008A48BD /* libticppd.a in Frameworks */ = {isa = PBXBuildFile; fileRef = A7F41AC21CC121BE00B161D1 /* libticppd.a */; };
		A708F37A1CCFAA30008A48BD /* libboost_program_options.a in Frameworks */ = {isa = PBXBuildFile; fileRef = A708F3791CCFAA30008A48BD /* libboost_program_options.a */; };
		A708F3831CCFD355008A48BD /* settings.cpp in Sources */ = {isa = PBXBuildFile; fileRef = A708F3811CCFD355008A48BD /* settings.cpp */; };
		A7274DF11CDB3A1C0071E7F0 /* instruction.cpp in Sources */ = {isa = PBXBuildFile; fileRef = A7274DEF1CDB3A1C0071E7F0 /* instruction.cpp */; };
		A7B7BF241CBC2A570013D831 /* simplot.cpp in Sources */ = {isa = PBXBuildFile; fileRef = A7B7BF231CBC2A570013D831 /* simplot.cpp */; };
		A7BC3F531CC39D1C00CE451C /* dataset.cpp in Sources */ = {isa = PBXBuildFile; fileRef = A7BC3F511CC39D1C00CE451C /* dataset.cpp */; };
		A7BC3F561CC6527600CE451C /* plotter.cpp in Sources */ = {isa = PBXBuildFile; fileRef = A7BC3F541CC6527600CE451C /* plotter.cpp */; };
		A7BC3F5A1CCA6D5700CE451C /* parser.cpp in Sources */ = {isa = PBXBuildFile; fileRef = A7BC3F581CCA6D5700CE451C /* parser.cpp */; };
		A7BC3F5D1CCA770400CE451C /* dimensions.cpp in Sources */ = {isa = PBXBuildFile; fileRef = A7BC3F5B1CCA770400CE451C /* dimensions.cpp */; };
		A7F41ACF1CC2702B00B161D1 /* figure.cpp in Sources */ = {isa = PBXBuildFile; fileRef = A7F41ACD1CC2702B00B161D1 /* figure.cpp */; };
		A7F41AD21CC2730000B161D1 /* coordinate.cpp in Sources */ = {isa = PBXBuildFile; fileRef = A7F41AD01CC2730000B161D1 /* coordinate.cpp */; };
		A7F41AD51CC276E400B161D1 /* coordsystem.cpp in Sources */ = {isa = PBXBuildFile; fileRef = A7F41AD31CC276E400B161D1 /* coordsystem.cpp */; };
		A7F41AD81CC2989A00B161D1 /* graph.cpp in Sources */ = {isa = PBXBuildFile; fileRef = A7F41AD61CC2989A00B161D1 /* graph.cpp */; };
/* End PBXBuildFile section */

/* Begin PBXCopyFilesBuildPhase section */
		A7B7BF1E1CBC2A570013D831 /* CopyFiles */ = {
			isa = PBXCopyFilesBuildPhase;
			buildActionMask = 2147483647;
			dstPath = /usr/share/man/man1/;
			dstSubfolderSpec = 0;
			files = (
			);
			runOnlyForDeploymentPostprocessing = 1;
		};
/* End PBXCopyFilesBuildPhase section */

/* Begin PBXFileReference section */
		A708F3711CCE8529008A48BD /* plot.cpp */ = {isa = PBXFileReference; fileEncoding = 4; lastKnownFileType = sourcecode.cpp.cpp; name = plot.cpp; path = plot/plot.cpp; sourceTree = "<group>"; };
		A708F3721CCE8529008A48BD /* plot.hpp */ = {isa = PBXFileReference; fileEncoding = 4; lastKnownFileType = sourcecode.cpp.h; name = plot.hpp; path = plot/plot.hpp; sourceTree = "<group>"; };
		A708F3791CCFAA30008A48BD /* libboost_program_options.a */ = {isa = PBXFileReference; lastKnownFileType = archive.ar; name = libboost_program_options.a; path = ../../../../../usr/local/Cellar/boost/1.60.0_2/lib/libboost_program_options.a; sourceTree = "<group>"; };
		A708F3811CCFD355008A48BD /* settings.cpp */ = {isa = PBXFileReference; fileEncoding = 4; lastKnownFileType = sourcecode.cpp.cpp; path = settings.cpp; sourceTree = "<group>"; };
		A708F3821CCFD355008A48BD /* settings.hpp */ = {isa = PBXFileReference; fileEncoding = 4; lastKnownFileType = sourcecode.cpp.h; path = settings.hpp; sourceTree = "<group>"; };
		A7274DEF1CDB3A1C0071E7F0 /* instruction.cpp */ = {isa = PBXFileReference; fileEncoding = 4; lastKnownFileType = sourcecode.cpp.cpp; name = instruction.cpp; path = plot/instruction.cpp; sourceTree = "<group>"; };
		A7274DF01CDB3A1C0071E7F0 /* instruction.hpp */ = {isa = PBXFileReference; fileEncoding = 4; lastKnownFileType = sourcecode.cpp.h; name = instruction.hpp; path = plot/instruction.hpp; sourceTree = "<group>"; };
		A7B7BF201CBC2A570013D831 /* simply plot */ = {isa = PBXFileReference; explicitFileType = "compiled.mach-o.executable"; includeInIndex = 0; path = "simply plot"; sourceTree = BUILT_PRODUCTS_DIR; };
		A7B7BF231CBC2A570013D831 /* simplot.cpp */ = {isa = PBXFileReference; lastKnownFileType = sourcecode.cpp.cpp; path = simplot.cpp; sourceTree = "<group>"; };
		A7BC3F511CC39D1C00CE451C /* dataset.cpp */ = {isa = PBXFileReference; fileEncoding = 4; lastKnownFileType = sourcecode.cpp.cpp; name = dataset.cpp; path = plot/dataset.cpp; sourceTree = "<group>"; };
		A7BC3F521CC39D1C00CE451C /* dataset.hpp */ = {isa = PBXFileReference; fileEncoding = 4; lastKnownFileType = sourcecode.cpp.h; name = dataset.hpp; path = plot/dataset.hpp; sourceTree = "<group>"; };
		A7BC3F541CC6527600CE451C /* plotter.cpp */ = {isa = PBXFileReference; fileEncoding = 4; lastKnownFileType = sourcecode.cpp.cpp; path = plotter.cpp; sourceTree = "<group>"; };
		A7BC3F551CC6527600CE451C /* plotter.hpp */ = {isa = PBXFileReference; fileEncoding = 4; lastKnownFileType = sourcecode.cpp.h; path = plotter.hpp; sourceTree = "<group>"; };
		A7BC3F581CCA6D5700CE451C /* parser.cpp */ = {isa = PBXFileReference; fileEncoding = 4; lastKnownFileType = sourcecode.cpp.cpp; path = parser.cpp; sourceTree = "<group>"; };
		A7BC3F591CCA6D5700CE451C /* parser.hpp */ = {isa = PBXFileReference; fileEncoding = 4; lastKnownFileType = sourcecode.cpp.h; path = parser.hpp; sourceTree = "<group>"; };
		A7BC3F5B1CCA770400CE451C /* dimensions.cpp */ = {isa = PBXFileReference; fileEncoding = 4; lastKnownFileType = sourcecode.cpp.cpp; name = dimensions.cpp; path = plot/dimensions.cpp; sourceTree = "<group>"; };
		A7BC3F5C1CCA770400CE451C /* dimensions.hpp */ = {isa = PBXFileReference; fileEncoding = 4; lastKnownFileType = sourcecode.cpp.h; name = dimensions.hpp; path = plot/dimensions.hpp; sourceTree = "<group>"; };
		A7F41AC21CC121BE00B161D1 /* libticppd.a */ = {isa = PBXFileReference; lastKnownFileType = archive.ar; name = libticppd.a; path = "simply plot/ticpp/libticppd.a"; sourceTree = "<group>"; };
		A7F41AC31CC121BE00B161D1 /* ticpp.h */ = {isa = PBXFileReference; fileEncoding = 4; lastKnownFileType = sourcecode.c.h; name = ticpp.h; path = "simply plot/ticpp/ticpp.h"; sourceTree = "<group>"; };
		A7F41AC41CC121BE00B161D1 /* ticppapi.h */ = {isa = PBXFileReference; fileEncoding = 4; lastKnownFileType = sourcecode.c.h; name = ticppapi.h; path = "simply plot/ticpp/ticppapi.h"; sourceTree = "<group>"; };
		A7F41AC51CC121BE00B161D1 /* ticpprc.h */ = {isa = PBXFileReference; fileEncoding = 4; lastKnownFileType = sourcecode.c.h; name = ticpprc.h; path = "simply plot/ticpp/ticpprc.h"; sourceTree = "<group>"; };
		A7F41AC61CC121BE00B161D1 /* tinystr.h */ = {isa = PBXFileReference; fileEncoding = 4; lastKnownFileType = sourcecode.c.h; name = tinystr.h; path = "simply plot/ticpp/tinystr.h"; sourceTree = "<group>"; };
		A7F41AC71CC121BE00B161D1 /* tinyxml.h */ = {isa = PBXFileReference; fileEncoding = 4; lastKnownFileType = sourcecode.c.h; name = tinyxml.h; path = "simply plot/ticpp/tinyxml.h"; sourceTree = "<group>"; };
		A7F41ACD1CC2702B00B161D1 /* figure.cpp */ = {isa = PBXFileReference; fileEncoding = 4; lastKnownFileType = sourcecode.cpp.cpp; name = figure.cpp; path = plot/figure.cpp; sourceTree = "<group>"; };
		A7F41ACE1CC2702B00B161D1 /* figure.hpp */ = {isa = PBXFileReference; fileEncoding = 4; lastKnownFileType = sourcecode.cpp.h; name = figure.hpp; path = plot/figure.hpp; sourceTree = "<group>"; };
		A7F41AD01CC2730000B161D1 /* coordinate.cpp */ = {isa = PBXFileReference; fileEncoding = 4; lastKnownFileType = sourcecode.cpp.cpp; name = coordinate.cpp; path = plot/coordinate.cpp; sourceTree = "<group>"; };
		A7F41AD11CC2730000B161D1 /* coordinate.hpp */ = {isa = PBXFileReference; fileEncoding = 4; lastKnownFileType = sourcecode.cpp.h; name = coordinate.hpp; path = plot/coordinate.hpp; sourceTree = "<group>"; };
		A7F41AD31CC276E400B161D1 /* coordsystem.cpp */ = {isa = PBXFileReference; fileEncoding = 4; lastKnownFileType = sourcecode.cpp.cpp; name = coordsystem.cpp; path = plot/coordsystem.cpp; sourceTree = "<group>"; };
		A7F41AD41CC276E400B161D1 /* coordsystem.hpp */ = {isa = PBXFileReference; fileEncoding = 4; lastKnownFileType = sourcecode.cpp.h; name = coordsystem.hpp; path = plot/coordsystem.hpp; sourceTree = "<group>"; };
		A7F41AD61CC2989A00B161D1 /* graph.cpp */ = {isa = PBXFileReference; fileEncoding = 4; lastKnownFileType = sourcecode.cpp.cpp; name = graph.cpp; path = plot/graph.cpp; sourceTree = "<group>"; };
		A7F41AD71CC2989A00B161D1 /* graph.hpp */ = {isa = PBXFileReference; fileEncoding = 4; lastKnownFileType = sourcecode.cpp.h; name = graph.hpp; path = plot/graph.hpp; sourceTree = "<group>"; };
/* End PBXFileReference section */

/* Begin PBXFrameworksBuildPhase section */
		A7B7BF1D1CBC2A570013D831 /* Frameworks */ = {
			isa = PBXFrameworksBuildPhase;
			buildActionMask = 2147483647;
			files = (
				A708F37A1CCFAA30008A48BD /* libboost_program_options.a in Frameworks */,
				A708F3781CCFAA0D008A48BD /* libticppd.a in Frameworks */,
			);
			runOnlyForDeploymentPostprocessing = 0;
		};
/* End PBXFrameworksBuildPhase section */

/* Begin PBXGroup section */
		A7B7BF171CBC2A570013D831 = {
			isa = PBXGroup;
			children = (
				A708F3791CCFAA30008A48BD /* libboost_program_options.a */,
				A7F41AC91CC121F000B161D1 /* ticpp */,
				A7B7BF221CBC2A570013D831 /* simply plot */,
				A7B7BF211CBC2A570013D831 /* Products */,
			);
			sourceTree = "<group>";
		};
		A7B7BF211CBC2A570013D831 /* Products */ = {
			isa = PBXGroup;
			children = (
				A7B7BF201CBC2A570013D831 /* simply plot */,
			);
			name = Products;
			sourceTree = "<group>";
		};
		A7B7BF221CBC2A570013D831 /* simply plot */ = {
			isa = PBXGroup;
			children = (
				A7BC3F571CCA68DF00CE451C /* plot components */,
				A7B7BF231CBC2A570013D831 /* simplot.cpp */,
				A7BC3F581CCA6D5700CE451C /* parser.cpp */,
				A7BC3F591CCA6D5700CE451C /* parser.hpp */,
				A7BC3F541CC6527600CE451C /* plotter.cpp */,
				A7BC3F551CC6527600CE451C /* plotter.hpp */,
				A708F3811CCFD355008A48BD /* settings.cpp */,
				A708F3821CCFD355008A48BD /* settings.hpp */,
			);
			path = "simply plot";
			sourceTree = "<group>";
		};
		A7BC3F571CCA68DF00CE451C /* plot components */ = {
			isa = PBXGroup;
			children = (
				A7F41AD01CC2730000B161D1 /* coordinate.cpp */,
				A7F41AD11CC2730000B161D1 /* coordinate.hpp */,
				A7F41AD31CC276E400B161D1 /* coordsystem.cpp */,
				A7F41AD41CC276E400B161D1 /* coordsystem.hpp */,
				A7BC3F511CC39D1C00CE451C /* dataset.cpp */,
				A7BC3F521CC39D1C00CE451C /* dataset.hpp */,
				A7BC3F5B1CCA770400CE451C /* dimensions.cpp */,
				A7BC3F5C1CCA770400CE451C /* dimensions.hpp */,
				A7F41ACD1CC2702B00B161D1 /* figure.cpp */,
				A7F41ACE1CC2702B00B161D1 /* figure.hpp */,
				A7F41AD61CC2989A00B161D1 /* graph.cpp */,
				A7F41AD71CC2989A00B161D1 /* graph.hpp */,
				A708F3711CCE8529008A48BD /* plot.cpp */,
				A708F3721CCE8529008A48BD /* plot.hpp */,
				A7274DEF1CDB3A1C0071E7F0 /* instruction.cpp */,
				A7274DF01CDB3A1C0071E7F0 /* instruction.hpp */,
			);
			name = "plot components";
			sourceTree = "<group>";
		};
		A7F41AC91CC121F000B161D1 /* ticpp */ = {
			isa = PBXGroup;
			children = (
				A7F41AC21CC121BE00B161D1 /* libticppd.a */,
				A7F41AC31CC121BE00B161D1 /* ticpp.h */,
				A7F41AC41CC121BE00B161D1 /* ticppapi.h */,
				A7F41AC51CC121BE00B161D1 /* ticpprc.h */,
				A7F41AC61CC121BE00B161D1 /* tinystr.h */,
				A7F41AC71CC121BE00B161D1 /* tinyxml.h */,
			);
			name = ticpp;
			sourceTree = "<group>";
		};
/* End PBXGroup section */

/* Begin PBXNativeTarget section */
		A7B7BF1F1CBC2A570013D831 /* simply plot */ = {
			isa = PBXNativeTarget;
			buildConfigurationList = A7B7BF271CBC2A570013D831 /* Build configuration list for PBXNativeTarget "simply plot" */;
			buildPhases = (
				A7B7BF1C1CBC2A570013D831 /* Sources */,
				A7B7BF1D1CBC2A570013D831 /* Frameworks */,
				A7B7BF1E1CBC2A570013D831 /* CopyFiles */,
			);
			buildRules = (
			);
			dependencies = (
			);
			name = "simply plot";
			productName = "simply plot";
			productReference = A7B7BF201CBC2A570013D831 /* simply plot */;
			productType = "com.apple.product-type.tool";
		};
/* End PBXNativeTarget section */

/* Begin PBXProject section */
		A7B7BF181CBC2A570013D831 /* Project object */ = {
			isa = PBXProject;
			attributes = {
				LastUpgradeCheck = 0730;
				ORGANIZATIONNAME = "Andrey Denisov";
				TargetAttributes = {
					A7B7BF1F1CBC2A570013D831 = {
						CreatedOnToolsVersion = 7.3;
					};
				};
			};
			buildConfigurationList = A7B7BF1B1CBC2A570013D831 /* Build configuration list for PBXProject "simply plot" */;
			compatibilityVersion = "Xcode 3.2";
			developmentRegion = English;
			hasScannedForEncodings = 0;
			knownRegions = (
				en,
			);
			mainGroup = A7B7BF171CBC2A570013D831;
			productRefGroup = A7B7BF211CBC2A570013D831 /* Products */;
			projectDirPath = "";
			projectRoot = "";
			targets = (
				A7B7BF1F1CBC2A570013D831 /* simply plot */,
			);
		};
/* End PBXProject section */

/* Begin PBXSourcesBuildPhase section */
		A7B7BF1C1CBC2A570013D831 /* Sources */ = {
			isa = PBXSourcesBuildPhase;
			buildActionMask = 2147483647;
			files = (
				A7F41AD81CC2989A00B161D1 /* graph.cpp in Sources */,
				A7F41ACF1CC2702B00B161D1 /* figure.cpp in Sources */,
				A7BC3F5D1CCA770400CE451C /* dimensions.cpp in Sources */,
				A7F41AD51CC276E400B161D1 /* coordsystem.cpp in Sources */,
				A7BC3F5A1CCA6D5700CE451C /* parser.cpp in Sources */,
				A708F3831CCFD355008A48BD /* settings.cpp in Sources */,
				A7274DF11CDB3A1C0071E7F0 /* instruction.cpp in Sources */,
				A7B7BF241CBC2A570013D831 /* simplot.cpp in Sources */,
				A7BC3F531CC39D1C00CE451C /* dataset.cpp in Sources */,
				A7BC3F561CC6527600CE451C /* plotter.cpp in Sources */,
				A708F3731CCE8529008A48BD /* plot.cpp in Sources */,
				A7F41AD21CC2730000B161D1 /* coordinate.cpp in Sources */,
			);
			runOnlyForDeploymentPostprocessing = 0;
		};
/* End PBXSourcesBuildPhase section */

/* Begin XCBuildConfiguration section */
		A7B7BF251CBC2A570013D831 /* Debug */ = {
			isa = XCBuildConfiguration;
			buildSettings = {
				ALWAYS_SEARCH_USER_PATHS = NO;
				CLANG_ANALYZER_NONNULL = YES;
				CLANG_CXX_LANGUAGE_STANDARD = "gnu++0x";
				CLANG_CXX_LIBRARY = "libc++";
				CLANG_ENABLE_MODULES = YES;
				CLANG_ENABLE_OBJC_ARC = YES;
				CLANG_WARN_BOOL_CONVERSION = YES;
				CLANG_WARN_CONSTANT_CONVERSION = YES;
				CLANG_WARN_DIRECT_OBJC_ISA_USAGE = YES_ERROR;
				CLANG_WARN_EMPTY_BODY = YES;
				CLANG_WARN_ENUM_CONVERSION = YES;
				CLANG_WARN_INT_CONVERSION = YES;
				CLANG_WARN_OBJC_ROOT_CLASS = YES_ERROR;
				CLANG_WARN_UNREACHABLE_CODE = YES;
				CLANG_WARN__DUPLICATE_METHOD_MATCH = YES;
				CODE_SIGN_IDENTITY = "-";
				COPY_PHASE_STRIP = NO;
				DEBUG_INFORMATION_FORMAT = dwarf;
				ENABLE_STRICT_OBJC_MSGSEND = YES;
				ENABLE_TESTABILITY = YES;
				GCC_C_LANGUAGE_STANDARD = gnu99;
				GCC_DYNAMIC_NO_PIC = NO;
				GCC_NO_COMMON_BLOCKS = YES;
				GCC_OPTIMIZATION_LEVEL = 0;
				GCC_PREPROCESSOR_DEFINITIONS = (
					"DEBUG=1",
					"$(inherited)",
				);
				GCC_WARN_64_TO_32_BIT_CONVERSION = YES;
				GCC_WARN_ABOUT_RETURN_TYPE = YES_ERROR;
				GCC_WARN_UNDECLARED_SELECTOR = YES;
				GCC_WARN_UNINITIALIZED_AUTOS = YES_AGGRESSIVE;
				GCC_WARN_UNUSED_FUNCTION = YES;
				GCC_WARN_UNUSED_VARIABLE = YES;
				MACOSX_DEPLOYMENT_TARGET = 10.11;
				MTL_ENABLE_DEBUG_INFO = YES;
				ONLY_ACTIVE_ARCH = YES;
				SDKROOT = macosx;
			};
			name = Debug;
		};
		A7B7BF261CBC2A570013D831 /* Release */ = {
			isa = XCBuildConfiguration;
			buildSettings = {
				ALWAYS_SEARCH_USER_PATHS = NO;
				CLANG_ANALYZER_NONNULL = YES;
				CLANG_CXX_LANGUAGE_STANDARD = "gnu++0x";
				CLANG_CXX_LIBRARY = "libc++";
				CLANG_ENABLE_MODULES = YES;
				CLANG_ENABLE_OBJC_ARC = YES;
				CLANG_WARN_BOOL_CONVERSION = YES;
				CLANG_WARN_CONSTANT_CONVERSION = YES;
				CLANG_WARN_DIRECT_OBJC_ISA_USAGE = YES_ERROR;
				CLANG_WARN_EMPTY_BODY = YES;
				CLANG_WARN_ENUM_CONVERSION = YES;
				CLANG_WARN_INT_CONVERSION = YES;
				CLANG_WARN_OBJC_ROOT_CLASS = YES_ERROR;
				CLANG_WARN_UNREACHABLE_CODE = YES;
				CLANG_WARN__DUPLICATE_METHOD_MATCH = YES;
				CODE_SIGN_IDENTITY = "-";
				COPY_PHASE_STRIP = NO;
				DEBUG_INFORMATION_FORMAT = "dwarf-with-dsym";
				ENABLE_NS_ASSERTIONS = NO;
				ENABLE_STRICT_OBJC_MSGSEND = YES;
				GCC_C_LANGUAGE_STANDARD = gnu99;
				GCC_NO_COMMON_BLOCKS = YES;
				GCC_WARN_64_TO_32_BIT_CONVERSION = YES;
				GCC_WARN_ABOUT_RETURN_TYPE = YES_ERROR;
				GCC_WARN_UNDECLARED_SELECTOR = YES;
				GCC_WARN_UNINITIALIZED_AUTOS = YES_AGGRESSIVE;
				GCC_WARN_UNUSED_FUNCTION = YES;
				GCC_WARN_UNUSED_VARIABLE = YES;
				MACOSX_DEPLOYMENT_TARGET = 10.11;
				MTL_ENABLE_DEBUG_INFO = NO;
				SDKROOT = macosx;
			};
			name = Release;
		};
		A7B7BF281CBC2A570013D831 /* Debug */ = {
			isa = XCBuildConfiguration;
			buildSettings = {
				HEADER_SEARCH_PATHS = (
					/usr/local/Cellar/boost/1.60.0_2/include,
					/plot,
					"$(PROJECT_DIR)/\"simply plot\"/ticpp",
				);
				LIBRARY_SEARCH_PATHS = (
					"$(inherited)",
					/usr/local/Cellar/boost/1.60.0_2/lib,
					"$(PROJECT_DIR)/\"simply plot\"/ticpp",
				);
				PRODUCT_NAME = "$(TARGET_NAME)";
			};
			name = Debug;
		};
		A7B7BF291CBC2A570013D831 /* Release */ = {
			isa = XCBuildConfiguration;
			buildSettings = {
				HEADER_SEARCH_PATHS = (
					/usr/local/Cellar/boost/1.60.0_2/include,
					/plot,
					"$(PROJECT_DIR)/\"simply plot\"/ticpp",
				);
				LIBRARY_SEARCH_PATHS = (
					"$(inherited)",
					/usr/local/Cellar/boost/1.60.0_2/lib,
					"$(PROJECT_DIR)/\"simply plot\"/ticpp",
				);
				PRODUCT_NAME = "$(TARGET_NAME)";
			};
			name = Release;
		};
/* End XCBuildConfiguration section */

/* Begin XCConfigurationList section */
		A7B7BF1B1CBC2A570013D831 /* Build configuration list for PBXProject "simply plot" */ = {
			isa = XCConfigurationList;
			buildConfigurations = (
				A7B7BF251CBC2A570013D831 /* Debug */,
				A7B7BF261CBC2A570013D831 /* Release */,
			);
			defaultConfigurationIsVisible = 0;
			defaultConfigurationName = Release;
		};
		A7B7BF271CBC2A570013D831 /* Build configuration list for PBXNativeTarget "simply plot" */ = {
			isa = XCConfigurationList;
			buildConfigurations = (
				A7B7BF281CBC2A570013D831 /* Debug */,
				A7B7BF291CBC2A570013D831 /* Release */,
			);
			defaultConfigurationIsVisible = 0;
			defaultConfigurationName = Release;
		};
/* End XCConfigurationList section */
	};
	rootObject = A7B7BF181CBC2A570013D831 /* Project object */;
}
